
Microsoft Visual Studio Solution File, Format Version 10.00
# Visual C++ Express 2008
Project("{8BC9CEB8-8B4A-11D0-8D11-00A0C91BC942}") = "P-X", "P-X\P-X.vcproj", "{88376D92-ECC1-4AB3-A487-5C9292CA2264}"
EndProject
Global
	GlobalSection(SolutionConfigurationPlatforms) = preSolution
		Debug|Win32 = Debug|Win32
		Release|Win32 = Release|Win32
	EndGlobalSection
	GlobalSection(ProjectConfigurationPlatforms) = postSolution
		{88376D92-ECC1-4AB3-A487-5C9292CA2264}.Debug|Win32.ActiveCfg = Debug|Win32
		{88376D92-ECC1-4AB3-A487-5C9292CA2264}.Debug|Win32.Build.0 = Debug|Win32
		{88376D92-ECC1-4AB3-A487-5C9292CA2264}.Release|Win32.ActiveCfg = Release|Win32
		{88376D92-ECC1-4AB3-A487-5C9292CA2264}.Release|Win32.Build.0 = Release|Win32
	EndGlobalSection
	GlobalSection(SolutionProperties) = preSolution
		HideSolutionNode = FALSE
	EndGlobalSection
EndGlobal
